PODS:
  - device_info_plus (0.0.1):
    - Flutter
  - Flutter (1.0.0)
  - permission_handler_apple (9.4.8):
    - Flutter
  - polar (0.0.1):
    - Flutter
    - PolarBleSdk (~> 5.4.0)
  - PolarBleSdk (5.4.0):
    - RxSwift (~> 6.5.0)
    - SwiftProtobuf (~> 1.0)
  - RxSwift (6.5.0)
  - shared_preferences_foundation (0.0.1):
    - Flutter
    - FlutterMacOS
  - SwiftProtobuf (1.38.0)

DEPENDENCIES:
  - device_info_plus (from `.symlinks/plugins/device_info_plus/ios`)
  - Flutter (from `Flutter`)
  - permission_handler_apple (from `.symlinks/plugins/permission_handler_apple/ios`)
  - polar (from `.symlinks/plugins/polar/ios`)
  - shared_preferences_foundation (from `.symlinks/plugins/shared_preferences_foundation/darwin`)

SPEC REPOS:
  trunk:
    - PolarBleSdk
    - RxSwift
    - SwiftProtobuf

EXTERNAL SOURCES:
  device_info_plus:
    :path: ".symlinks/plugins/device_info_plus/ios"
  Flutter:
    :path: Flutter
  permission_handler_apple:
    :path: ".symlinks/plugins/permission_handler_apple/ios"
  polar:
    :path: ".symlinks/plugins/polar/ios"
  shared_preferences_foundation:
    :path: ".symlinks/plugins/shared_preferences_foundation/darwin"

SPEC CHECKSUMS:
  device_info_plus: 335f3ce08d2e174b9fdc3db3db0f4e3b1f66bd89
  Flutter: cabc95a1d2626b1b06e7179b784ebcf0c0cde467
  permission_handler_apple: 92d754bbaa7361d436db2d6c3c1c2a0fdcec462e
  polar: cd2750d6c51aa4537a38f082ad6fa056e9b194ee
  PolarBleSdk: 980933f58cb2856c3627f40a54c91b9351a07736
  RxSwift: 5710a9e6b17f3c3d6e40d6e559b9fa1e813b2ef8
  shared_preferences_foundation: 7036424c3d8ec98dfe75ff1667cb0cd531ec82bb
  SwiftProtobuf: d724b5145bfc609d9a49c1e3e3a3dabb07273ffb

PODFILE CHECKSUM: e30f02f9d1c72c47bb6344a0a748c9d268180865

COCOAPODS: 1.16.2
